{
  "name": "david-steven-eric",
  "lockfileVersion": 2,
  "requires": true,
  "packages": {
    "": {
      "dependencies": {
        "xlsx": "https://cdn.sheetjs.com/xlsx-0.18.6/xlsx-0.18.6.tgz"
      }
    },
    "node_modules/xlsx": {
      "version": "0.18.6",
      "resolved": "https://cdn.sheetjs.com/xlsx-0.18.6/xlsx-0.18.6.tgz",
      "integrity": "sha512-leWzzCrv1PY8fH08JeOGUfCGC89y1mxXfwxQt+UwGfDy4cmcKBRgyj+Mm0YTsdRkWUD77GyfaXl1vlkUJMYyGQ==",
      "license": "Apache-2.0",
      "bin": {
        "xlsx": "bin/xlsx.njs"
      },
      "engines": {
        "node": ">=0.8"
      }
    }
  },
  "dependencies": {
    "xlsx": {
      "version": "https://cdn.sheetjs.com/xlsx-0.18.6/xlsx-0.18.6.tgz",
      "integrity": "sha512-leWzzCrv1PY8fH08JeOGUfCGC89y1mxXfwxQt+UwGfDy4cmcKBRgyj+Mm0YTsdRkWUD77GyfaXl1vlkUJMYyGQ=="
    }
  }
}
